{
    "version": 3,
    "terraform_version": "0.11.7",
    "serial": 13,
    "lineage": "3c79f022-6216-a7f1-55a0-bbc386e23c6a",
    "modules": [
        {
            "path": [
                "root"
            ],
            "outputs": {
                "instance_id": {
                    "sensitive": false,
                    "type": "string",
                    "value": "https://www.googleapis.com/compute/v1/projects/kevin-test-compute-90054fe3/zones/us-central1-a/instances/tf-compute-1"
                },
                "project_id": {
                    "sensitive": false,
                    "type": "string",
                    "value": "kevin-test-compute-90054fe3"
                }
            },
            "resources": {
                "data.google_compute_zones.available": {
                    "type": "google_compute_zones",
                    "depends_on": [],
                    "primary": {
                        "id": "2018-12-04 13:31:35.389383 +0000 UTC",
                        "attributes": {
                            "id": "2018-12-04 13:31:35.389383 +0000 UTC",
                            "names.#": "4",
                            "names.0": "us-central1-a",
                            "names.1": "us-central1-b",
                            "names.2": "us-central1-c",
                            "names.3": "us-central1-f",
                            "project": "kevin-terraform-admin",
                            "region": "us-central1"
                        },
                        "meta": {},
                        "tainted": false
                    },
                    "deposed": [],
                    "provider": "provider.google"
                },
                "google_compute_instance.default": {
                    "type": "google_compute_instance",
                    "depends_on": [
                        "data.google_compute_zones.available",
                        "google_project_services.project"
                    ],
                    "primary": {
                        "id": "tf-compute-1",
                        "attributes": {
                            "attached_disk.#": "0",
                            "boot_disk.#": "1",
                            "boot_disk.0.auto_delete": "true",
                            "boot_disk.0.device_name": "persistent-disk-0",
                            "boot_disk.0.disk_encryption_key_raw": "",
                            "boot_disk.0.disk_encryption_key_sha256": "",
                            "boot_disk.0.initialize_params.#": "1",
                            "boot_disk.0.initialize_params.0.image": "https://www.googleapis.com/compute/v1/projects/ubuntu-os-cloud/global/images/ubuntu-1604-xenial-v20170328",
                            "boot_disk.0.initialize_params.0.size": "10",
                            "boot_disk.0.initialize_params.0.type": "pd-standard",
                            "boot_disk.0.source": "https://www.googleapis.com/compute/v1/projects/kevin-test-compute-90054fe3/zones/us-central1-a/disks/tf-compute-1",
                            "can_ip_forward": "false",
                            "cpu_platform": "Intel Sandy Bridge",
                            "create_timeout": "4",
                            "deletion_protection": "false",
                            "guest_accelerator.#": "0",
                            "id": "tf-compute-1",
                            "instance_id": "6711023153950964953",
                            "label_fingerprint": "42WmSpB8rSM=",
                            "labels.%": "0",
                            "machine_type": "f1-micro",
                            "metadata.%": "0",
                            "metadata_fingerprint": "n8RSjHrdE_Q=",
                            "metadata_startup_script": "",
                            "min_cpu_platform": "",
                            "name": "tf-compute-1",
                            "network_interface.#": "1",
                            "network_interface.0.access_config.#": "1",
                            "network_interface.0.access_config.0.assigned_nat_ip": "35.202.91.225",
                            "network_interface.0.access_config.0.nat_ip": "35.202.91.225",
                            "network_interface.0.access_config.0.network_tier": "PREMIUM",
                            "network_interface.0.access_config.0.public_ptr_domain_name": "",
                            "network_interface.0.address": "10.128.0.2",
                            "network_interface.0.alias_ip_range.#": "0",
                            "network_interface.0.name": "nic0",
                            "network_interface.0.network": "https://www.googleapis.com/compute/v1/projects/kevin-test-compute-90054fe3/global/networks/default",
                            "network_interface.0.network_ip": "10.128.0.2",
                            "network_interface.0.subnetwork": "https://www.googleapis.com/compute/v1/projects/kevin-test-compute-90054fe3/regions/us-central1/subnetworks/default",
                            "network_interface.0.subnetwork_project": "kevin-test-compute-90054fe3",
                            "project": "kevin-test-compute-90054fe3",
                            "scheduling.#": "1",
                            "scheduling.0.automatic_restart": "false",
                            "scheduling.0.on_host_maintenance": "MIGRATE",
                            "scheduling.0.preemptible": "false",
                            "scratch_disk.#": "0",
                            "self_link": "https://www.googleapis.com/compute/v1/projects/kevin-test-compute-90054fe3/zones/us-central1-a/instances/tf-compute-1",
                            "service_account.#": "0",
                            "tags.#": "0",
                            "tags_fingerprint": "42WmSpB8rSM=",
                            "zone": "us-central1-a"
                        },
                        "meta": {
                            "e2bfb730-ecaa-11e6-8f88-34363bc7c4c0": {
                                "create": 360000000000,
                                "delete": 360000000000,
                                "update": 360000000000
                            },
                            "schema_version": "6"
                        },
                        "tainted": false
                    },
                    "deposed": [],
                    "provider": "provider.google"
                },
                "google_folder.prod": {
                    "type": "google_folder",
                    "depends_on": [],
                    "primary": {
                        "id": "folders/227589229937",
                        "attributes": {
                            "create_time": "2018-12-04T13:31:45.065Z",
                            "display_name": "gcp-prod",
                            "id": "folders/227589229937",
                            "lifecycle_state": "ACTIVE",
                            "name": "folders/227589229937",
                            "parent": "organizations/365936959477"
                        },
                        "meta": {},
                        "tainted": false
                    },
                    "deposed": [],
                    "provider": "provider.google"
                },
                "google_project.project": {
                    "type": "google_project",
                    "depends_on": [
                        "google_folder.prod",
                        "random_id.id"
                    ],
                    "primary": {
                        "id": "kevin-test-compute-90054fe3",
                        "attributes": {
                            "app_engine.#": "0",
                            "auto_create_network": "true",
                            "billing_account": "015FEA-2A8CD7-1D0401",
                            "folder_id": "227589229937",
                            "id": "kevin-test-compute-90054fe3",
                            "labels.%": "0",
                            "name": "kevin-test-compute",
                            "number": "416313085685",
                            "org_id": "",
                            "project_id": "kevin-test-compute-90054fe3"
                        },
                        "meta": {
                            "schema_version": "1"
                        },
                        "tainted": false
                    },
                    "deposed": [],
                    "provider": "provider.google"
                },
                "google_project_services.project": {
                    "type": "google_project_services",
                    "depends_on": [
                        "google_project.project"
                    ],
                    "primary": {
                        "id": "kevin-test-compute-90054fe3",
                        "attributes": {
                            "disable_on_destroy": "true",
                            "id": "kevin-test-compute-90054fe3",
                            "project": "kevin-test-compute-90054fe3",
                            "services.#": "2",
                            "services.1568433289": "oslogin.googleapis.com",
                            "services.2240314979": "compute.googleapis.com"
                        },
                        "meta": {},
                        "tainted": false
                    },
                    "deposed": [],
                    "provider": "provider.google"
                },
                "random_id.id": {
                    "type": "random_id",
                    "depends_on": [],
                    "primary": {
                        "id": "kAVP4w",
                        "attributes": {
                            "b64": "kevin-test-compute-kAVP4w",
                            "b64_std": "kevin-test-compute-kAVP4w==",
                            "b64_url": "kevin-test-compute-kAVP4w",
                            "byte_length": "4",
                            "dec": "kevin-test-compute-2416267235",
                            "hex": "kevin-test-compute-90054fe3",
                            "id": "kAVP4w",
                            "prefix": "kevin-test-compute-"
                        },
                        "meta": {},
                        "tainted": false
                    },
                    "deposed": [],
                    "provider": "provider.random"
                },
                "random_id.name": {
                    "type": "random_id",
                    "depends_on": [],
                    "primary": {
                        "id": "DtQ",
                        "attributes": {
                            "b64": "DtQ",
                            "b64_std": "DtQ=",
                            "b64_url": "DtQ",
                            "byte_length": "2",
                            "dec": "3796",
                            "hex": "0ed4",
                            "id": "DtQ"
                        },
                        "meta": {},
                        "tainted": false
                    },
                    "deposed": [],
                    "provider": "provider.random"
                }
            },
            "depends_on": []
        },
        {
            "path": [
                "root",
                "mysql-db"
            ],
            "outputs": {
                "generated_user_password": {
                    "sensitive": true,
                    "type": "string",
                    "value": "8102187e9927af6b"
                },
                "instance_address": {
                    "sensitive": false,
                    "type": "string",
                    "value": "35.202.177.32"
                },
                "instance_address_time_to_retire": {
                    "sensitive": false,
                    "type": "string",
                    "value": ""
                },
                "instance_name": {
                    "sensitive": false,
                    "type": "string",
                    "value": "example-mysql-0ed4"
                },
                "self_link": {
                    "sensitive": false,
                    "type": "string",
                    "value": "https://www.googleapis.com/sql/v1beta4/projects/kevin-terraform-admin/instances/example-mysql-0ed4"
                }
            },
            "resources": {
                "random_id.user-password": {
                    "type": "random_id",
                    "depends_on": [],
                    "primary": {
                        "id": "gQIYfpknr2s",
                        "attributes": {
                            "b64": "gQIYfpknr2s",
                            "b64_std": "gQIYfpknr2s=",
                            "b64_url": "gQIYfpknr2s",
                            "byte_length": "8",
                            "dec": "9296019512860585835",
                            "hex": "8102187e9927af6b",
                            "id": "gQIYfpknr2s"
                        },
                        "meta": {},
                        "tainted": false
                    },
                    "deposed": [],
                    "provider": "provider.random"
                }
            },
            "depends_on": []
        },
        {
            "path": [
                "root",
                "postgresql-db"
            ],
            "outputs": {
                "generated_user_password": {
                    "sensitive": true,
                    "type": "string",
                    "value": "c28a34a537253885"
                },
                "instance_address": {
                    "sensitive": false,
                    "type": "string",
                    "value": "130.211.214.242"
                },
                "instance_address_time_to_retire": {
                    "sensitive": false,
                    "type": "string",
                    "value": ""
                },
                "instance_name": {
                    "sensitive": false,
                    "type": "string",
                    "value": "example-postgresql-0ed4"
                },
                "self_link": {
                    "sensitive": false,
                    "type": "string",
                    "value": "https://www.googleapis.com/sql/v1beta4/projects/kevin-terraform-admin/instances/example-postgresql-0ed4"
                }
            },
            "resources": {
                "google_sql_database.default": {
                    "type": "google_sql_database",
                    "depends_on": [
                        "google_sql_database_instance.default"
                    ],
                    "primary": {
                        "id": "example-postgresql-0ed4:default",
                        "attributes": {
                            "charset": "UTF8",
                            "collation": "en_US.UTF8",
                            "id": "example-postgresql-0ed4:default",
                            "instance": "example-postgresql-0ed4",
                            "name": "default",
                            "project": "kevin-terraform-admin",
                            "self_link": "https://www.googleapis.com/sql/v1beta4/projects/kevin-terraform-admin/instances/example-postgresql-0ed4/databases/default"
                        },
                        "meta": {
                            "e2bfb730-ecaa-11e6-8f88-34363bc7c4c0": {
                                "create": 900000000000,
                                "delete": 600000000000,
                                "update": 600000000000
                            }
                        },
                        "tainted": false
                    },
                    "deposed": [],
                    "provider": "provider.google"
                },
                "google_sql_database_instance.default": {
                    "type": "google_sql_database_instance",
                    "depends_on": [],
                    "primary": {
                        "id": "example-postgresql-0ed4",
                        "attributes": {
                            "connection_name": "kevin-terraform-admin:us-central1:example-postgresql-0ed4",
                            "database_version": "POSTGRES_9_6",
                            "first_ip_address": "130.211.214.242",
                            "id": "example-postgresql-0ed4",
                            "ip_address.#": "1",
                            "ip_address.0.ip_address": "130.211.214.242",
                            "ip_address.0.time_to_retire": "",
                            "master_instance_name": "",
                            "name": "example-postgresql-0ed4",
                            "project": "kevin-terraform-admin",
                            "region": "us-central1",
                            "replica_configuration.#": "0",
                            "self_link": "https://www.googleapis.com/sql/v1beta4/projects/kevin-terraform-admin/instances/example-postgresql-0ed4",
                            "server_ca_cert.#": "1",
                            "server_ca_cert.0.cert": "-----BEGIN CERTIFICATE-----\nMIIDITCCAgmgAwIBAgIBADANBgkqhkiG9w0BAQsFADBIMSMwIQYDVQQDExpHb29n\nbGUgQ2xvdWQgU1FMIFNlcnZlciBDQTEUMBIGA1UEChMLR29vZ2xlLCBJbmMxCzAJ\nBgNVBAYTAlVTMB4XDTE4MTIwNDEzMzIwN1oXDTI4MTIwMTEzMzMwN1owSDEjMCEG\nA1UEAxMaR29vZ2xlIENsb3VkIFNRTCBTZXJ2ZXIgQ0ExFDASBgNVBAoTC0dvb2ds\nZSwgSW5jMQswCQYDVQQGEwJVUzCCASIwDQYJKoZIhvcNAQEBBQADggEPADCCAQoC\nggEBANRRPcNVIVYAIMDuEDb88Gjh87twwlZOAaneji+MQtMm6FGS/xt9qTwGouCw\nnKCOT6KpuGgp6DmYyRBgNYA8Bc4LEhESp6O6/FVTbitKMupZJ2x6OAy949h0iQQy\nJ/9ObHF3BMVElDQSKXzRJyiszTJu/Wd6vxFa70NYEm/JT/DyM4Q5D3kmVqN2W1k6\nwB6Cf4sWcntHAimfBDw45+1eEKsCOl1mBP8tWfSmKEJnVbyxqnCYimUEVDomwOlF\ny5yRHpnkzI7sdMbGxSykLZ77BKFFyUSVwC6Bg38d258kWvYeQK9S7+8JwJdSzICS\nAAypi7+10PwyhtJntZ+/tEftqRUCAwEAAaMWMBQwEgYDVR0TAQH/BAgwBgEB/wIB\nADANBgkqhkiG9w0BAQsFAAOCAQEAHfoNQwke/Een692M6VpY/eIL46GoFU7r3rAx\n05bvYgwr/1IpZzcwvVWNtDx1NWMp5Jamm4V4bymL6LthTfUqBal4V+RJ7Ez52jF1\nif/xVIdiEFQL32ks9MO9binFriKbVrTYizuWZgNBZFnwViU3MQB+iqg1zTFsSLyX\nHchQOwqE8eSu9W75QCFl+5GVmNkASg8MTuUgn25SK0iOWoUcdPTBYNfLC64Ivuye\nzr5SQUnbn8+RiNrgRPnsC+TvQW9rBDlufYNVXIb39s57Pz6s/+QpVI/bzB9mDpnm\ntT0+REhYImDxd2RuUMZk7cx/n3CMH0lRwQFLgGBlLo1c1whCTw==\n-----END CERTIFICATE-----",
                            "server_ca_cert.0.common_name": "C=US,O=Google\\, Inc,CN=Google Cloud SQL Server CA",
                            "server_ca_cert.0.create_time": "2018-12-04T13:32:07.655Z",
                            "server_ca_cert.0.expiration_time": "2028-12-01T13:33:07.655Z",
                            "server_ca_cert.0.sha1_fingerprint": "0f53aa1d081ab00f497b8128dfa4ec066c0c4c67",
                            "service_account_email_address": "fty74ccgljbfpkmwhzirm4qy4q@speckle-umbrella-pg-10.iam.gserviceaccount.com",
                            "settings.#": "1",
                            "settings.0.activation_policy": "ALWAYS",
                            "settings.0.authorized_gae_applications.#": "0",
                            "settings.0.availability_type": "",
                            "settings.0.backup_configuration.#": "1",
                            "settings.0.backup_configuration.0.binary_log_enabled": "false",
                            "settings.0.backup_configuration.0.enabled": "false",
                            "settings.0.backup_configuration.0.start_time": "23:00",
                            "settings.0.crash_safe_replication": "false",
                            "settings.0.database_flags.#": "0",
                            "settings.0.disk_autoresize": "true",
                            "settings.0.disk_size": "10",
                            "settings.0.disk_type": "PD_SSD",
                            "settings.0.ip_configuration.#": "1",
                            "settings.0.ip_configuration.0.authorized_networks.#": "0",
                            "settings.0.ip_configuration.0.ipv4_enabled": "true",
                            "settings.0.ip_configuration.0.require_ssl": "false",
                            "settings.0.location_preference.#": "0",
                            "settings.0.maintenance_window.#": "0",
                            "settings.0.pricing_plan": "PER_USE",
                            "settings.0.replication_type": "SYNCHRONOUS",
                            "settings.0.tier": "db-f1-micro",
                            "settings.0.user_labels.%": "0",
                            "settings.0.version": "1"
                        },
                        "meta": {
                            "e2bfb730-ecaa-11e6-8f88-34363bc7c4c0": {
                                "create": 600000000000,
                                "delete": 600000000000,
                                "update": 600000000000
                            }
                        },
                        "tainted": false
                    },
                    "deposed": [],
                    "provider": "provider.google"
                },
                "google_sql_user.default": {
                    "type": "google_sql_user",
                    "depends_on": [
                        "google_sql_database_instance.default",
                        "random_id.user-password"
                    ],
                    "primary": {
                        "id": "default//example-postgresql-0ed4",
                        "attributes": {
                            "host": "",
                            "id": "default//example-postgresql-0ed4",
                            "instance": "example-postgresql-0ed4",
                            "name": "default",
                            "password": "c28a34a537253885",
                            "project": "kevin-terraform-admin"
                        },
                        "meta": {
                            "schema_version": "1"
                        },
                        "tainted": false
                    },
                    "deposed": [],
                    "provider": "provider.google"
                },
                "random_id.user-password": {
                    "type": "random_id",
                    "depends_on": [],
                    "primary": {
                        "id": "woo0pTclOIU",
                        "attributes": {
                            "b64": "woo0pTclOIU",
                            "b64_std": "woo0pTclOIU=",
                            "b64_url": "woo0pTclOIU",
                            "byte_length": "8",
                            "dec": "14018074674343524485",
                            "hex": "c28a34a537253885",
                            "id": "woo0pTclOIU"
                        },
                        "meta": {},
                        "tainted": false
                    },
                    "deposed": [],
                    "provider": "provider.random"
                }
            },
            "depends_on": []
        }
    ]
}
